// !$*UTF8*$!
{
	archiveVersion = 1;
	classes = {
	};
	objectVersion = 46;
	objects = {

/* Begin PBXBuildFile section */
		465EEFAB1C1E4C69007681E2 /* SectionTests.swift in Sources */ = {isa = PBXBuildFile; fileRef = 465EEFAA1C1E4C69007681E2 /* SectionTests.swift */; };
		465EEFAC1C1E4C72007681E2 /* SoySource.swift in Sources */ = {isa = PBXBuildFile; fileRef = 46A77B801C1B4A08002618EF /* SoySource.swift */; };
		465EEFAD1C1E4C72007681E2 /* Section.swift in Sources */ = {isa = PBXBuildFile; fileRef = 46B173681C1BDF9A0048AF06 /* Section.swift */; };
		465EEFAE1C1E4C72007681E2 /* Row.swift in Sources */ = {isa = PBXBuildFile; fileRef = 46B1736A1C1BDFA00048AF06 /* Row.swift */; };
		465EEFAF1C1E4C72007681E2 /* ReuseIdentifier.swift in Sources */ = {isa = PBXBuildFile; fileRef = 46B1736E1C1BDFF90048AF06 /* ReuseIdentifier.swift */; };
		465EEFB01C1E4C72007681E2 /* UITableView+SoySource.swift in Sources */ = {isa = PBXBuildFile; fileRef = 46B1736C1C1BDFD60048AF06 /* UITableView+SoySource.swift */; };
		465EEFB21C1E575C007681E2 /* RowTests.swift in Sources */ = {isa = PBXBuildFile; fileRef = 465EEFB11C1E575C007681E2 /* RowTests.swift */; };
		46A77B531C1B49FA002618EF /* AppDelegate.swift in Sources */ = {isa = PBXBuildFile; fileRef = 46A77B521C1B49FA002618EF /* AppDelegate.swift */; };
		46A77B551C1B49FA002618EF /* ViewController.swift in Sources */ = {isa = PBXBuildFile; fileRef = 46A77B541C1B49FA002618EF /* ViewController.swift */; };
		46A77B581C1B49FA002618EF /* Main.storyboard in Resources */ = {isa = PBXBuildFile; fileRef = 46A77B561C1B49FA002618EF /* Main.storyboard */; };
		46A77B5A1C1B49FB002618EF /* Assets.xcassets in Resources */ = {isa = PBXBuildFile; fileRef = 46A77B591C1B49FB002618EF /* Assets.xcassets */; };
		46A77B5D1C1B49FB002618EF /* LaunchScreen.storyboard in Resources */ = {isa = PBXBuildFile; fileRef = 46A77B5B1C1B49FB002618EF /* LaunchScreen.storyboard */; };
		46A77B681C1B49FB002618EF /* SoySourceTests.swift in Sources */ = {isa = PBXBuildFile; fileRef = 46A77B671C1B49FB002618EF /* SoySourceTests.swift */; };
		46A77B731C1B49FB002618EF /* SoySourceUITests.swift in Sources */ = {isa = PBXBuildFile; fileRef = 46A77B721C1B49FB002618EF /* SoySourceUITests.swift */; };
		46A77B811C1B4A08002618EF /* SoySource.swift in Sources */ = {isa = PBXBuildFile; fileRef = 46A77B801C1B4A08002618EF /* SoySource.swift */; };
		46A77B831C1B51D0002618EF /* TableViewController.swift in Sources */ = {isa = PBXBuildFile; fileRef = 46A77B821C1B51D0002618EF /* TableViewController.swift */; };
		46B173691C1BDF9A0048AF06 /* Section.swift in Sources */ = {isa = PBXBuildFile; fileRef = 46B173681C1BDF9A0048AF06 /* Section.swift */; };
		46B1736B1C1BDFA00048AF06 /* Row.swift in Sources */ = {isa = PBXBuildFile; fileRef = 46B1736A1C1BDFA00048AF06 /* Row.swift */; };
		46B1736D1C1BDFD60048AF06 /* UITableView+SoySource.swift in Sources */ = {isa = PBXBuildFile; fileRef = 46B1736C1C1BDFD60048AF06 /* UITableView+SoySource.swift */; };
		46B1736F1C1BDFF90048AF06 /* ReuseIdentifier.swift in Sources */ = {isa = PBXBuildFile; fileRef = 46B1736E1C1BDFF90048AF06 /* ReuseIdentifier.swift */; };
/* End PBXBuildFile section */

/* Begin PBXContainerItemProxy section */
		46A77B641C1B49FB002618EF /* PBXContainerItemProxy */ = {
			isa = PBXContainerItemProxy;
			containerPortal = 46A77B471C1B49FA002618EF /* Project object */;
			proxyType = 1;
			remoteGlobalIDString = 46A77B4E1C1B49FA002618EF;
			remoteInfo = SoySource;
		};
		46A77B6F1C1B49FB002618EF /* PBXContainerItemProxy */ = {
			isa = PBXContainerItemProxy;
			containerPortal = 46A77B471C1B49FA002618EF /* Project object */;
			proxyType = 1;
			remoteGlobalIDString = 46A77B4E1C1B49FA002618EF;
			remoteInfo = SoySource;
		};
/* End PBXContainerItemProxy section */

/* Begin PBXFileReference section */
		465EEFAA1C1E4C69007681E2 /* SectionTests.swift */ = {isa = PBXFileReference; fileEncoding = 4; lastKnownFileType = sourcecode.swift; path = SectionTests.swift; sourceTree = "<group>"; };
		465EEFB11C1E575C007681E2 /* RowTests.swift */ = {isa = PBXFileReference; fileEncoding = 4; lastKnownFileType = sourcecode.swift; path = RowTests.swift; sourceTree = "<group>"; };
		46A77B4F1C1B49FA002618EF /* SoySource.app */ = {isa = PBXFileReference; explicitFileType = wrapper.application; includeInIndex = 0; path = SoySource.app; sourceTree = BUILT_PRODUCTS_DIR; };
		46A77B521C1B49FA002618EF /* AppDelegate.swift */ = {isa = PBXFileReference; lastKnownFileType = sourcecode.swift; path = AppDelegate.swift; sourceTree = "<group>"; };
		46A77B541C1B49FA002618EF /* ViewController.swift */ = {isa = PBXFileReference; lastKnownFileType = sourcecode.swift; path = ViewController.swift; sourceTree = "<group>"; };
		46A77B571C1B49FA002618EF /* Base */ = {isa = PBXFileReference; lastKnownFileType = file.storyboard; name = Base; path = Base.lproj/Main.storyboard; sourceTree = "<group>"; };
		46A77B591C1B49FB002618EF /* Assets.xcassets */ = {isa = PBXFileReference; lastKnownFileType = folder.assetcatalog; path = Assets.xcassets; sourceTree = "<group>"; };
		46A77B5C1C1B49FB002618EF /* Base */ = {isa = PBXFileReference; lastKnownFileType = file.storyboard; name = Base; path = Base.lproj/LaunchScreen.storyboard; sourceTree = "<group>"; };
		46A77B5E1C1B49FB002618EF /* Info.plist */ = {isa = PBXFileReference; lastKnownFileType = text.plist.xml; path = Info.plist; sourceTree = "<group>"; };
		46A77B631C1B49FB002618EF /* SoySourceTests.xctest */ = {isa = PBXFileReference; explicitFileType = wrapper.cfbundle; includeInIndex = 0; path = SoySourceTests.xctest; sourceTree = BUILT_PRODUCTS_DIR; };
		46A77B671C1B49FB002618EF /* SoySourceTests.swift */ = {isa = PBXFileReference; lastKnownFileType = sourcecode.swift; path = SoySourceTests.swift; sourceTree = "<group>"; };
		46A77B691C1B49FB002618EF /* Info.plist */ = {isa = PBXFileReference; lastKnownFileType = text.plist.xml; path = Info.plist; sourceTree = "<group>"; };
		46A77B6E1C1B49FB002618EF /* SoySourceUITests.xctest */ = {isa = PBXFileReference; explicitFileType = wrapper.cfbundle; includeInIndex = 0; path = SoySourceUITests.xctest; sourceTree = BUILT_PRODUCTS_DIR; };
		46A77B721C1B49FB002618EF /* SoySourceUITests.swift */ = {isa = PBXFileReference; lastKnownFileType = sourcecode.swift; path = SoySourceUITests.swift; sourceTree = "<group>"; };
		46A77B741C1B49FB002618EF /* Info.plist */ = {isa = PBXFileReference; lastKnownFileType = text.plist.xml; path = Info.plist; sourceTree = "<group>"; };
		46A77B801C1B4A08002618EF /* SoySource.swift */ = {isa = PBXFileReference; fileEncoding = 4; lastKnownFileType = sourcecode.swift; name = SoySource.swift; path = ../SoySource/SoySource.swift; sourceTree = "<group>"; };
		46A77B821C1B51D0002618EF /* TableViewController.swift */ = {isa = PBXFileReference; fileEncoding = 4; lastKnownFileType = sourcecode.swift; path = TableViewController.swift; sourceTree = "<group>"; };
		46B173681C1BDF9A0048AF06 /* Section.swift */ = {isa = PBXFileReference; fileEncoding = 4; lastKnownFileType = sourcecode.swift; name = Section.swift; path = ../SoySource/Section.swift; sourceTree = "<group>"; };
		46B1736A1C1BDFA00048AF06 /* Row.swift */ = {isa = PBXFileReference; fileEncoding = 4; lastKnownFileType = sourcecode.swift; name = Row.swift; path = ../SoySource/Row.swift; sourceTree = "<group>"; };
		46B1736C1C1BDFD60048AF06 /* UITableView+SoySource.swift */ = {isa = PBXFileReference; fileEncoding = 4; lastKnownFileType = sourcecode.swift; name = "UITableView+SoySource.swift"; path = "../SoySource/UITableView+SoySource.swift"; sourceTree = "<group>"; };
		46B1736E1C1BDFF90048AF06 /* ReuseIdentifier.swift */ = {isa = PBXFileReference; fileEncoding = 4; lastKnownFileType = sourcecode.swift; name = ReuseIdentifier.swift; path = ../SoySource/ReuseIdentifier.swift; sourceTree = "<group>"; };
/* End PBXFileReference section */

/* Begin PBXFrameworksBuildPhase section */
		46A77B4C1C1B49FA002618EF /* Frameworks */ = {
			isa = PBXFrameworksBuildPhase;
			buildActionMask = 2147483647;
			files = (
			);
			runOnlyForDeploymentPostprocessing = 0;
		};
		46A77B601C1B49FB002618EF /* Frameworks */ = {
			isa = PBXFrameworksBuildPhase;
			buildActionMask = 2147483647;
			files = (
			);
			runOnlyForDeploymentPostprocessing = 0;
		};
		46A77B6B1C1B49FB002618EF /* Frameworks */ = {
			isa = PBXFrameworksBuildPhase;
			buildActionMask = 2147483647;
			files = (
			);
			runOnlyForDeploymentPostprocessing = 0;
		};
/* End PBXFrameworksBuildPhase section */

/* Begin PBXGroup section */
		465EEFA91C1E4481007681E2 /* Classes */ = {
			isa = PBXGroup;
			children = (
				46A77B801C1B4A08002618EF /* SoySource.swift */,
				46B173681C1BDF9A0048AF06 /* Section.swift */,
				46B1736A1C1BDFA00048AF06 /* Row.swift */,
				46B1736E1C1BDFF90048AF06 /* ReuseIdentifier.swift */,
				46B1736C1C1BDFD60048AF06 /* UITableView+SoySource.swift */,
			);
			path = Classes;
			sourceTree = "<group>";
		};
		46A77B461C1B49FA002618EF = {
			isa = PBXGroup;
			children = (
				465EEFA91C1E4481007681E2 /* Classes */,
				46A77B511C1B49FA002618EF /* SoySource */,
				46A77B661C1B49FB002618EF /* SoySourceTests */,
				46A77B711C1B49FB002618EF /* SoySourceUITests */,
				46A77B501C1B49FA002618EF /* Products */,
			);
			sourceTree = "<group>";
		};
		46A77B501C1B49FA002618EF /* Products */ = {
			isa = PBXGroup;
			children = (
				46A77B4F1C1B49FA002618EF /* SoySource.app */,
				46A77B631C1B49FB002618EF /* SoySourceTests.xctest */,
				46A77B6E1C1B49FB002618EF /* SoySourceUITests.xctest */,
			);
			name = Products;
			sourceTree = "<group>";
		};
		46A77B511C1B49FA002618EF /* SoySource */ = {
			isa = PBXGroup;
			children = (
				46A77B521C1B49FA002618EF /* AppDelegate.swift */,
				46A77B541C1B49FA002618EF /* ViewController.swift */,
				46A77B821C1B51D0002618EF /* TableViewController.swift */,
				46A77B561C1B49FA002618EF /* Main.storyboard */,
				46A77B591C1B49FB002618EF /* Assets.xcassets */,
				46A77B5B1C1B49FB002618EF /* LaunchScreen.storyboard */,
				46A77B5E1C1B49FB002618EF /* Info.plist */,
			);
			path = SoySource;
			sourceTree = "<group>";
		};
		46A77B661C1B49FB002618EF /* SoySourceTests */ = {
			isa = PBXGroup;
			children = (
				46A77B671C1B49FB002618EF /* SoySourceTests.swift */,
				465EEFAA1C1E4C69007681E2 /* SectionTests.swift */,
				465EEFB11C1E575C007681E2 /* RowTests.swift */,
				46A77B691C1B49FB002618EF /* Info.plist */,
			);
			path = SoySourceTests;
			sourceTree = "<group>";
		};
		46A77B711C1B49FB002618EF /* SoySourceUITests */ = {
			isa = PBXGroup;
			children = (
				46A77B721C1B49FB002618EF /* SoySourceUITests.swift */,
				46A77B741C1B49FB002618EF /* Info.plist */,
			);
			path = SoySourceUITests;
			sourceTree = "<group>";
		};
/* End PBXGroup section */

/* Begin PBXNativeTarget section */
		46A77B4E1C1B49FA002618EF /* SoySource */ = {
			isa = PBXNativeTarget;
			buildConfigurationList = 46A77B771C1B49FB002618EF /* Build configuration list for PBXNativeTarget "SoySource" */;
			buildPhases = (
				46A77B4B1C1B49FA002618EF /* Sources */,
				46A77B4C1C1B49FA002618EF /* Frameworks */,
				46A77B4D1C1B49FA002618EF /* Resources */,
			);
			buildRules = (
			);
			dependencies = (
			);
			name = SoySource;
			productName = SoySource;
			productReference = 46A77B4F1C1B49FA002618EF /* SoySource.app */;
			productType = "com.apple.product-type.application";
		};
		46A77B621C1B49FB002618EF /* SoySourceTests */ = {
			isa = PBXNativeTarget;
			buildConfigurationList = 46A77B7A1C1B49FB002618EF /* Build configuration list for PBXNativeTarget "SoySourceTests" */;
			buildPhases = (
				46A77B5F1C1B49FB002618EF /* Sources */,
				46A77B601C1B49FB002618EF /* Frameworks */,
				46A77B611C1B49FB002618EF /* Resources */,
			);
			buildRules = (
			);
			dependencies = (
				46A77B651C1B49FB002618EF /* PBXTargetDependency */,
			);
			name = SoySourceTests;
			productName = SoySourceTests;
			productReference = 46A77B631C1B49FB002618EF /* SoySourceTests.xctest */;
			productType = "com.apple.product-type.bundle.unit-test";
		};
		46A77B6D1C1B49FB002618EF /* SoySourceUITests */ = {
			isa = PBXNativeTarget;
			buildConfigurationList = 46A77B7D1C1B49FB002618EF /* Build configuration list for PBXNativeTarget "SoySourceUITests" */;
			buildPhases = (
				46A77B6A1C1B49FB002618EF /* Sources */,
				46A77B6B1C1B49FB002618EF /* Frameworks */,
				46A77B6C1C1B49FB002618EF /* Resources */,
			);
			buildRules = (
			);
			dependencies = (
				46A77B701C1B49FB002618EF /* PBXTargetDependency */,
			);
			name = SoySourceUITests;
			productName = SoySourceUITests;
			productReference = 46A77B6E1C1B49FB002618EF /* SoySourceUITests.xctest */;
			productType = "com.apple.product-type.bundle.ui-testing";
		};
/* End PBXNativeTarget section */

/* Begin PBXProject section */
		46A77B471C1B49FA002618EF /* Project object */ = {
			isa = PBXProject;
			attributes = {
				LastSwiftUpdateCheck = 0710;
				LastUpgradeCheck = 0710;
				ORGANIZATIONNAME = yukiasai;
				TargetAttributes = {
					46A77B4E1C1B49FA002618EF = {
						CreatedOnToolsVersion = 7.1.1;
					};
					46A77B621C1B49FB002618EF = {
						CreatedOnToolsVersion = 7.1.1;
						TestTargetID = 46A77B4E1C1B49FA002618EF;
					};
					46A77B6D1C1B49FB002618EF = {
						CreatedOnToolsVersion = 7.1.1;
						TestTargetID = 46A77B4E1C1B49FA002618EF;
					};
				};
			};
			buildConfigurationList = 46A77B4A1C1B49FA002618EF /* Build configuration list for PBXProject "SoySource" */;
			compatibilityVersion = "Xcode 3.2";
			developmentRegion = English;
			hasScannedForEncodings = 0;
			knownRegions = (
				en,
				Base,
			);
			mainGroup = 46A77B461C1B49FA002618EF;
			productRefGroup = 46A77B501C1B49FA002618EF /* Products */;
			projectDirPath = "";
			projectRoot = "";
			targets = (
				46A77B4E1C1B49FA002618EF /* SoySource */,
				46A77B621C1B49FB002618EF /* SoySourceTests */,
				46A77B6D1C1B49FB002618EF /* SoySourceUITests */,
			);
		};
/* End PBXProject section */

/* Begin PBXResourcesBuildPhase section */
		46A77B4D1C1B49FA002618EF /* Resources */ = {
			isa = PBXResourcesBuildPhase;
			buildActionMask = 2147483647;
			files = (
				46A77B5D1C1B49FB002618EF /* LaunchScreen.storyboard in Resources */,
				46A77B5A1C1B49FB002618EF /* Assets.xcassets in Resources */,
				46A77B581C1B49FA002618EF /* Main.storyboard in Resources */,
			);
			runOnlyForDeploymentPostprocessing = 0;
		};
		46A77B611C1B49FB002618EF /* Resources */ = {
			isa = PBXResourcesBuildPhase;
			buildActionMask = 2147483647;
			files = (
			);
			runOnlyForDeploymentPostprocessing = 0;
		};
		46A77B6C1C1B49FB002618EF /* Resources */ = {
			isa = PBXResourcesBuildPhase;
			buildActionMask = 2147483647;
			files = (
			);
			runOnlyForDeploymentPostprocessing = 0;
		};
/* End PBXResourcesBuildPhase section */

/* Begin PBXSourcesBuildPhase section */
		46A77B4B1C1B49FA002618EF /* Sources */ = {
			isa = PBXSourcesBuildPhase;
			buildActionMask = 2147483647;
			files = (
				46B173691C1BDF9A0048AF06 /* Section.swift in Sources */,
				46A77B551C1B49FA002618EF /* ViewController.swift in Sources */,
				46A77B811C1B4A08002618EF /* SoySource.swift in Sources */,
				46A77B531C1B49FA002618EF /* AppDelegate.swift in Sources */,
				46B1736B1C1BDFA00048AF06 /* Row.swift in Sources */,
				46B1736D1C1BDFD60048AF06 /* UITableView+SoySource.swift in Sources */,
				46A77B831C1B51D0002618EF /* TableViewController.swift in Sources */,
				46B1736F1C1BDFF90048AF06 /* ReuseIdentifier.swift in Sources */,
			);
			runOnlyForDeploymentPostprocessing = 0;
		};
		46A77B5F1C1B49FB002618EF /* Sources */ = {
			isa = PBXSourcesBuildPhase;
			buildActionMask = 2147483647;
			files = (
				465EEFAC1C1E4C72007681E2 /* SoySource.swift in Sources */,
				465EEFAF1C1E4C72007681E2 /* ReuseIdentifier.swift in Sources */,
				465EEFAD1C1E4C72007681E2 /* Section.swift in Sources */,
				46A77B681C1B49FB002618EF /* SoySourceTests.swift in Sources */,
				465EEFB21C1E575C007681E2 /* RowTests.swift in Sources */,
				465EEFAE1C1E4C72007681E2 /* Row.swift in Sources */,
				465EEFB01C1E4C72007681E2 /* UITableView+SoySource.swift in Sources */,
				465EEFAB1C1E4C69007681E2 /* SectionTests.swift in Sources */,
			);
			runOnlyForDeploymentPostprocessing = 0;
		};
		46A77B6A1C1B49FB002618EF /* Sources */ = {
			isa = PBXSourcesBuildPhase;
			buildActionMask = 2147483647;
			files = (
				46A77B731C1B49FB002618EF /* SoySourceUITests.swift in Sources */,
			);
			runOnlyForDeploymentPostprocessing = 0;
		};
/* End PBXSourcesBuildPhase section */

/* Begin PBXTargetDependency section */
		46A77B651C1B49FB002618EF /* PBXTargetDependency */ = {
			isa = PBXTargetDependency;
			target = 46A77B4E1C1B49FA002618EF /* SoySource */;
			targetProxy = 46A77B641C1B49FB002618EF /* PBXContainerItemProxy */;
		};
		46A77B701C1B49FB002618EF /* PBXTargetDependency */ = {
			isa = PBXTargetDependency;
			target = 46A77B4E1C1B49FA002618EF /* SoySource */;
			targetProxy = 46A77B6F1C1B49FB002618EF /* PBXContainerItemProxy */;
		};
/* End PBXTargetDependency section */

/* Begin PBXVariantGroup section */
		46A77B561C1B49FA002618EF /* Main.storyboard */ = {
			isa = PBXVariantGroup;
			children = (
				46A77B571C1B49FA002618EF /* Base */,
			);
			name = Main.storyboard;
			sourceTree = "<group>";
		};
		46A77B5B1C1B49FB002618EF /* LaunchScreen.storyboard */ = {
			isa = PBXVariantGroup;
			children = (
				46A77B5C1C1B49FB002618EF /* Base */,
			);
			name = LaunchScreen.storyboard;
			sourceTree = "<group>";
		};
/* End PBXVariantGroup section */

/* Begin XCBuildConfiguration section */
		46A77B751C1B49FB002618EF /* Debug */ = {
			isa = XCBuildConfiguration;
			buildSettings = {
				ALWAYS_SEARCH_USER_PATHS = NO;
				CLANG_CXX_LANGUAGE_STANDARD = "gnu++0x";
				CLANG_CXX_LIBRARY = "libc++";
				CLANG_ENABLE_MODULES = YES;
				CLANG_ENABLE_OBJC_ARC = YES;
				CLANG_WARN_BOOL_CONVERSION = YES;
				CLANG_WARN_CONSTANT_CONVERSION = YES;
				CLANG_WARN_DIRECT_OBJC_ISA_USAGE = YES_ERROR;
				CLANG_WARN_EMPTY_BODY = YES;
				CLANG_WARN_ENUM_CONVERSION = YES;
				CLANG_WARN_INT_CONVERSION = YES;
				CLANG_WARN_OBJC_ROOT_CLASS = YES_ERROR;
				CLANG_WARN_UNREACHABLE_CODE = YES;
				CLANG_WARN__DUPLICATE_METHOD_MATCH = YES;
				"CODE_SIGN_IDENTITY[sdk=iphoneos*]" = "iPhone Developer";
				COPY_PHASE_STRIP = NO;
				DEBUG_INFORMATION_FORMAT = dwarf;
				ENABLE_STRICT_OBJC_MSGSEND = YES;
				ENABLE_TESTABILITY = YES;
				GCC_C_LANGUAGE_STANDARD = gnu99;
				GCC_DYNAMIC_NO_PIC = NO;
				GCC_NO_COMMON_BLOCKS = YES;
				GCC_OPTIMIZATION_LEVEL = 0;
				GCC_PREPROCESSOR_DEFINITIONS = (
					"DEBUG=1",
					"$(inherited)",
				);
				GCC_WARN_64_TO_32_BIT_CONVERSION = YES;
				GCC_WARN_ABOUT_RETURN_TYPE = YES_ERROR;
				GCC_WARN_UNDECLARED_SELECTOR = YES;
				GCC_WARN_UNINITIALIZED_AUTOS = YES_AGGRESSIVE;
				GCC_WARN_UNUSED_FUNCTION = YES;
				GCC_WARN_UNUSED_VARIABLE = YES;
				IPHONEOS_DEPLOYMENT_TARGET = 9.1;
				MTL_ENABLE_DEBUG_INFO = YES;
				ONLY_ACTIVE_ARCH = YES;
				SDKROOT = iphoneos;
				SWIFT_OPTIMIZATION_LEVEL = "-Onone";
				TARGETED_DEVICE_FAMILY = "1,2";
			};
			name = Debug;
		};
		46A77B761C1B49FB002618EF /* Release */ = {
			isa = XCBuildConfiguration;
			buildSettings = {
				ALWAYS_SEARCH_USER_PATHS = NO;
				CLANG_CXX_LANGUAGE_STANDARD = "gnu++0x";
				CLANG_CXX_LIBRARY = "libc++";
				CLANG_ENABLE_MODULES = YES;
				CLANG_ENABLE_OBJC_ARC = YES;
				CLANG_WARN_BOOL_CONVERSION = YES;
				CLANG_WARN_CONSTANT_CONVERSION = YES;
				CLANG_WARN_DIRECT_OBJC_ISA_USAGE = YES_ERROR;
				CLANG_WARN_EMPTY_BODY = YES;
				CLANG_WARN_ENUM_CONVERSION = YES;
				CLANG_WARN_INT_CONVERSION = YES;
				CLANG_WARN_OBJC_ROOT_CLASS = YES_ERROR;
				CLANG_WARN_UNREACHABLE_CODE = YES;
				CLANG_WARN__DUPLICATE_METHOD_MATCH = YES;
				"CODE_SIGN_IDENTITY[sdk=iphoneos*]" = "iPhone Developer";
				COPY_PHASE_STRIP = NO;
				DEBUG_INFORMATION_FORMAT = "dwarf-with-dsym";
				ENABLE_NS_ASSERTIONS = NO;
				ENABLE_STRICT_OBJC_MSGSEND = YES;
				GCC_C_LANGUAGE_STANDARD = gnu99;
				GCC_NO_COMMON_BLOCKS = YES;
				GCC_WARN_64_TO_32_BIT_CONVERSION = YES;
				GCC_WARN_ABOUT_RETURN_TYPE = YES_ERROR;
				GCC_WARN_UNDECLARED_SELECTOR = YES;
				GCC_WARN_UNINITIALIZED_AUTOS = YES_AGGRESSIVE;
				GCC_WARN_UNUSED_FUNCTION = YES;
				GCC_WARN_UNUSED_VARIABLE = YES;
				IPHONEOS_DEPLOYMENT_TARGET = 9.1;
				MTL_ENABLE_DEBUG_INFO = NO;
				SDKROOT = iphoneos;
				TARGETED_DEVICE_FAMILY = "1,2";
				VALIDATE_PRODUCT = YES;
			};
			name = Release;
		};
		46A77B781C1B49FB002618EF /* Debug */ = {
			isa = XCBuildConfiguration;
			buildSettings = {
				ASSETCATALOG_COMPILER_APPICON_NAME = AppIcon;
				INFOPLIST_FILE = SoySource/Info.plist;
				LD_RUNPATH_SEARCH_PATHS = "$(inherited) @executable_path/Frameworks";
				PRODUCT_BUNDLE_IDENTIFIER = yukiasai.SoySource;
				PRODUCT_NAME = "$(TARGET_NAME)";
			};
			name = Debug;
		};
		46A77B791C1B49FB002618EF /* Release */ = {
			isa = XCBuildConfiguration;
			buildSettings = {
				ASSETCATALOG_COMPILER_APPICON_NAME = AppIcon;
				INFOPLIST_FILE = SoySource/Info.plist;
				LD_RUNPATH_SEARCH_PATHS = "$(inherited) @executable_path/Frameworks";
				PRODUCT_BUNDLE_IDENTIFIER = yukiasai.SoySource;
				PRODUCT_NAME = "$(TARGET_NAME)";
			};
			name = Release;
		};
		46A77B7B1C1B49FB002618EF /* Debug */ = {
			isa = XCBuildConfiguration;
			buildSettings = {
				BUNDLE_LOADER = "$(TEST_HOST)";
				INFOPLIST_FILE = SoySourceTests/Info.plist;
				LD_RUNPATH_SEARCH_PATHS = "$(inherited) @executable_path/Frameworks @loader_path/Frameworks";
				PRODUCT_BUNDLE_IDENTIFIER = yukiasai.SoySourceTests;
				PRODUCT_NAME = "$(TARGET_NAME)";
				TEST_HOST = "$(BUILT_PRODUCTS_DIR)/SoySource.app/SoySource";
			};
			name = Debug;
		};
		46A77B7C1C1B49FB002618EF /* Release */ = {
			isa = XCBuildConfiguration;
			buildSettings = {
				BUNDLE_LOADER = "$(TEST_HOST)";
				INFOPLIST_FILE = SoySourceTests/Info.plist;
				LD_RUNPATH_SEARCH_PATHS = "$(inherited) @executable_path/Frameworks @loader_path/Frameworks";
				PRODUCT_BUNDLE_IDENTIFIER = yukiasai.SoySourceTests;
				PRODUCT_NAME = "$(TARGET_NAME)";
				TEST_HOST = "$(BUILT_PRODUCTS_DIR)/SoySource.app/SoySource";
			};
			name = Release;
		};
		46A77B7E1C1B49FB002618EF /* Debug */ = {
			isa = XCBuildConfiguration;
			buildSettings = {
				INFOPLIST_FILE = SoySourceUITests/Info.plist;
				LD_RUNPATH_SEARCH_PATHS = "$(inherited) @executable_path/Frameworks @loader_path/Frameworks";
				PRODUCT_BUNDLE_IDENTIFIER = yukiasai.SoySourceUITests;
				PRODUCT_NAME = "$(TARGET_NAME)";
				TEST_TARGET_NAME = SoySource;
				USES_XCTRUNNER = YES;
			};
			name = Debug;
		};
		46A77B7F1C1B49FB002618EF /* Release */ = {
			isa = XCBuildConfiguration;
			buildSettings = {
				INFOPLIST_FILE = SoySourceUITests/Info.plist;
				LD_RUNPATH_SEARCH_PATHS = "$(inherited) @executable_path/Frameworks @loader_path/Frameworks";
				PRODUCT_BUNDLE_IDENTIFIER = yukiasai.SoySourceUITests;
				PRODUCT_NAME = "$(TARGET_NAME)";
				TEST_TARGET_NAME = SoySource;
				USES_XCTRUNNER = YES;
			};
			name = Release;
		};
/* End XCBuildConfiguration section */

/* Begin XCConfigurationList section */
		46A77B4A1C1B49FA002618EF /* Build configuration list for PBXProject "SoySource" */ = {
			isa = XCConfigurationList;
			buildConfigurations = (
				46A77B751C1B49FB002618EF /* Debug */,
				46A77B761C1B49FB002618EF /* Release */,
			);
			defaultConfigurationIsVisible = 0;
			defaultConfigurationName = Release;
		};
		46A77B771C1B49FB002618EF /* Build configuration list for PBXNativeTarget "SoySource" */ = {
			isa = XCConfigurationList;
			buildConfigurations = (
				46A77B781C1B49FB002618EF /* Debug */,
				46A77B791C1B49FB002618EF /* Release */,
			);
			defaultConfigurationIsVisible = 0;
			defaultConfigurationName = Release;
		};
		46A77B7A1C1B49FB002618EF /* Build configuration list for PBXNativeTarget "SoySourceTests" */ = {
			isa = XCConfigurationList;
			buildConfigurations = (
				46A77B7B1C1B49FB002618EF /* Debug */,
				46A77B7C1C1B49FB002618EF /* Release */,
			);
			defaultConfigurationIsVisible = 0;
			defaultConfigurationName = Release;
		};
		46A77B7D1C1B49FB002618EF /* Build configuration list for PBXNativeTarget "SoySourceUITests" */ = {
			isa = XCConfigurationList;
			buildConfigurations = (
				46A77B7E1C1B49FB002618EF /* Debug */,
				46A77B7F1C1B49FB002618EF /* Release */,
			);
			defaultConfigurationIsVisible = 0;
			defaultConfigurationName = Release;
		};
/* End XCConfigurationList section */
	};
	rootObject = 46A77B471C1B49FA002618EF /* Project object */;
}
